
Microsoft Visual Studio Solution File, Format Version 12.00
# Visual Studio Version 17
VisualStudioVersion = 17.14.36623.8 d17.14
MinimumVisualStudioVersion = 10.0.40219.1
Project("{FAE04EC0-301F-11D3-BF4B-00C04F79EFBC}") = "PersonalPortfolio", "PersonalPortfolio\PersonalPortfolio.csproj", "{36919AB4-F69D-4907-87EF-22BFD4091952}"
EndProject
Global
	GlobalSection(SolutionConfigurationPlatforms) = preSolution
		Debug|Any CPU = Debug|Any CPU
		Release|Any CPU = Release|Any CPU
	EndGlobalSection
	GlobalSection(ProjectConfigurationPlatforms) = postSolution
		{36919AB4-F69D-4907-87EF-22BFD4091952}.Debug|Any CPU.ActiveCfg = Debug|Any CPU
		{36919AB4-F69D-4907-87EF-22BFD4091952}.Debug|Any CPU.Build.0 = Debug|Any CPU
		{36919AB4-F69D-4907-87EF-22BFD4091952}.Release|Any CPU.ActiveCfg = Release|Any CPU
		{36919AB4-F69D-4907-87EF-22BFD4091952}.Release|Any CPU.Build.0 = Release|Any CPU
	EndGlobalSection
	GlobalSection(SolutionProperties) = preSolution
		HideSolutionNode = FALSE
	EndGlobalSection
	GlobalSection(ExtensibilityGlobals) = postSolution
		SolutionGuid = {EC925363-9885-4805-9A72-62EE3E0068D2}
	EndGlobalSection
EndGlobal
